
Microsoft Visual Studio Solution File, Format Version 12.00
# Visual Studio Version 17
VisualStudioVersion = 17.5.002.0
MinimumVisualStudioVersion = 10.0.40219.1
Project("{2150E333-8FDC-42A3-9474-1A3956D46DE8}") = "22,11,2024", "22,11,2024", "{30CAD016-5A42-4A9D-BB37-0F0272D2BD60}"
EndProject
Project("{9A19103F-16F7-4668-BE54-9A1E7A4F7556}") = "checkerAge", "22,11,2024\checkerAge\checkerAge.csproj", "{7C835ED6-293A-43CD-8641-EC08980C2E21}"
EndProject
Project("{9A19103F-16F7-4668-BE54-9A1E7A4F7556}") = "defaultCalc", "22,11,2024\defaultCalc\defaultCalc.csproj", "{38E85939-8B78-40F6-B3D4-7C2786581C12}"
EndProject
Project("{9A19103F-16F7-4668-BE54-9A1E7A4F7556}") = "defaultCalc_without_switch", "22,11,2024\defaultCalc_without_switch\defaultCalc_without_switch.csproj", "{F676BED9-8F25-4B03-8BE2-86B736298AF4}"
EndProject
Project("{9A19103F-16F7-4668-BE54-9A1E7A4F7556}") = "randNumber", "22,11,2024\randNumber\randNumber.csproj", "{997BB3A7-1F09-4858-A048-6090EF8CE8BF}"
EndProject
Project("{2150E333-8FDC-42A3-9474-1A3956D46DE8}") = "29,11,2024", "29,11,2024", "{99CA32D2-3C4C-4332-8FA0-00CC70EF696C}"
EndProject
Project("{9A19103F-16F7-4668-BE54-9A1E7A4F7556}") = "1", "29,11,2024\1\1.csproj", "{278A1E62-DE89-4ED0-93BD-850C651DB0CB}"
EndProject
Project("{9A19103F-16F7-4668-BE54-9A1E7A4F7556}") = "mmm", "29,11,2024\mmm\mmm.csproj", "{0F5806DB-AEDD-4CF6-9BA8-9FFDBA4FC44D}"
EndProject
Project("{9A19103F-16F7-4668-BE54-9A1E7A4F7556}") = "u", "29,11,2024\u\u.csproj", "{7249894A-C820-4FBE-B154-5180057F423B}"
EndProject
Project("{9A19103F-16F7-4668-BE54-9A1E7A4F7556}") = "u10_5", "29,11,2024\u10_5\u10_5.csproj", "{C03EC127-F74F-4789-A466-E1C8A330DF6D}"
EndProject
Project("{9A19103F-16F7-4668-BE54-9A1E7A4F7556}") = "u2", "29,11,2024\u2\u2.csproj", "{608E7681-0B42-4B2C-AB11-924A80C33423}"
EndProject
Project("{9A19103F-16F7-4668-BE54-9A1E7A4F7556}") = "u3", "29,11,2024\u3\u3.csproj", "{10A9AD6D-51F4-45E8-BDA3-ECDBA73D99E6}"
EndProject
Project("{9A19103F-16F7-4668-BE54-9A1E7A4F7556}") = "u4", "29,11,2024\u4\u4.csproj", "{06D0AD1E-24A1-4E08-8D9C-0641B78BA41D}"
EndProject
Project("{9A19103F-16F7-4668-BE54-9A1E7A4F7556}") = "u5", "29,11,2024\u5\u5.csproj", "{DFEB0671-C131-4687-90FB-5739C016A812}"
EndProject
Project("{9A19103F-16F7-4668-BE54-9A1E7A4F7556}") = "u6", "29,11,2024\u6\u6.csproj", "{CF93D44F-3941-439D-AB3F-6164BB37F615}"
EndProject
Project("{9A19103F-16F7-4668-BE54-9A1E7A4F7556}") = "u7", "29,11,2024\u7\u7.csproj", "{8225A019-303B-479C-88DC-F72856C57673}"
EndProject
Project("{9A19103F-16F7-4668-BE54-9A1E7A4F7556}") = "u8", "29,11,2024\u8\u8.csproj", "{7EF242FA-C50D-4C5E-85CC-46F1D96B9CA1}"
EndProject
Project("{9A19103F-16F7-4668-BE54-9A1E7A4F7556}") = "u9", "29,11,2024\u9\u9.csproj", "{9B8B0ECF-2FEC-4AD6-B1E9-2C6AE80835CB}"
EndProject
Global
	GlobalSection(SolutionConfigurationPlatforms) = preSolution
		Debug|Any CPU = Debug|Any CPU
		Release|Any CPU = Release|Any CPU
	EndGlobalSection
	GlobalSection(ProjectConfigurationPlatforms) = postSolution
		{7C835ED6-293A-43CD-8641-EC08980C2E21}.Debug|Any CPU.ActiveCfg = Debug|Any CPU
		{7C835ED6-293A-43CD-8641-EC08980C2E21}.Debug|Any CPU.Build.0 = Debug|Any CPU
		{7C835ED6-293A-43CD-8641-EC08980C2E21}.Release|Any CPU.ActiveCfg = Release|Any CPU
		{7C835ED6-293A-43CD-8641-EC08980C2E21}.Release|Any CPU.Build.0 = Release|Any CPU
		{38E85939-8B78-40F6-B3D4-7C2786581C12}.Debug|Any CPU.ActiveCfg = Debug|Any CPU
		{38E85939-8B78-40F6-B3D4-7C2786581C12}.Debug|Any CPU.Build.0 = Debug|Any CPU
		{38E85939-8B78-40F6-B3D4-7C2786581C12}.Release|Any CPU.ActiveCfg = Release|Any CPU
		{38E85939-8B78-40F6-B3D4-7C2786581C12}.Release|Any CPU.Build.0 = Release|Any CPU
		{F676BED9-8F25-4B03-8BE2-86B736298AF4}.Debug|Any CPU.ActiveCfg = Debug|Any CPU
		{F676BED9-8F25-4B03-8BE2-86B736298AF4}.Debug|Any CPU.Build.0 = Debug|Any CPU
		{F676BED9-8F25-4B03-8BE2-86B736298AF4}.Release|Any CPU.ActiveCfg = Release|Any CPU
		{F676BED9-8F25-4B03-8BE2-86B736298AF4}.Release|Any CPU.Build.0 = Release|Any CPU
		{997BB3A7-1F09-4858-A048-6090EF8CE8BF}.Debug|Any CPU.ActiveCfg = Debug|Any CPU
		{997BB3A7-1F09-4858-A048-6090EF8CE8BF}.Debug|Any CPU.Build.0 = Debug|Any CPU
		{997BB3A7-1F09-4858-A048-6090EF8CE8BF}.Release|Any CPU.ActiveCfg = Release|Any CPU
		{997BB3A7-1F09-4858-A048-6090EF8CE8BF}.Release|Any CPU.Build.0 = Release|Any CPU
		{278A1E62-DE89-4ED0-93BD-850C651DB0CB}.Debug|Any CPU.ActiveCfg = Debug|Any CPU
		{278A1E62-DE89-4ED0-93BD-850C651DB0CB}.Debug|Any CPU.Build.0 = Debug|Any CPU
		{278A1E62-DE89-4ED0-93BD-850C651DB0CB}.Release|Any CPU.ActiveCfg = Release|Any CPU
		{278A1E62-DE89-4ED0-93BD-850C651DB0CB}.Release|Any CPU.Build.0 = Release|Any CPU
		{0F5806DB-AEDD-4CF6-9BA8-9FFDBA4FC44D}.Debug|Any CPU.ActiveCfg = Debug|Any CPU
		{0F5806DB-AEDD-4CF6-9BA8-9FFDBA4FC44D}.Debug|Any CPU.Build.0 = Debug|Any CPU
		{0F5806DB-AEDD-4CF6-9BA8-9FFDBA4FC44D}.Release|Any CPU.ActiveCfg = Release|Any CPU
		{0F5806DB-AEDD-4CF6-9BA8-9FFDBA4FC44D}.Release|Any CPU.Build.0 = Release|Any CPU
		{7249894A-C820-4FBE-B154-5180057F423B}.Debug|Any CPU.ActiveCfg = Debug|Any CPU
		{7249894A-C820-4FBE-B154-5180057F423B}.Debug|Any CPU.Build.0 = Debug|Any CPU
		{7249894A-C820-4FBE-B154-5180057F423B}.Release|Any CPU.ActiveCfg = Release|Any CPU
		{7249894A-C820-4FBE-B154-5180057F423B}.Release|Any CPU.Build.0 = Release|Any CPU
		{C03EC127-F74F-4789-A466-E1C8A330DF6D}.Debug|Any CPU.ActiveCfg = Debug|Any CPU
		{C03EC127-F74F-4789-A466-E1C8A330DF6D}.Debug|Any CPU.Build.0 = Debug|Any CPU
		{C03EC127-F74F-4789-A466-E1C8A330DF6D}.Release|Any CPU.ActiveCfg = Release|Any CPU
		{C03EC127-F74F-4789-A466-E1C8A330DF6D}.Release|Any CPU.Build.0 = Release|Any CPU
		{608E7681-0B42-4B2C-AB11-924A80C33423}.Debug|Any CPU.ActiveCfg = Debug|Any CPU
		{608E7681-0B42-4B2C-AB11-924A80C33423}.Debug|Any CPU.Build.0 = Debug|Any CPU
		{608E7681-0B42-4B2C-AB11-924A80C33423}.Release|Any CPU.ActiveCfg = Release|Any CPU
		{608E7681-0B42-4B2C-AB11-924A80C33423}.Release|Any CPU.Build.0 = Release|Any CPU
		{10A9AD6D-51F4-45E8-BDA3-ECDBA73D99E6}.Debug|Any CPU.ActiveCfg = Debug|Any CPU
		{10A9AD6D-51F4-45E8-BDA3-ECDBA73D99E6}.Debug|Any CPU.Build.0 = Debug|Any CPU
		{10A9AD6D-51F4-45E8-BDA3-ECDBA73D99E6}.Release|Any CPU.ActiveCfg = Release|Any CPU
		{10A9AD6D-51F4-45E8-BDA3-ECDBA73D99E6}.Release|Any CPU.Build.0 = Release|Any CPU
		{06D0AD1E-24A1-4E08-8D9C-0641B78BA41D}.Debug|Any CPU.ActiveCfg = Debug|Any CPU
		{06D0AD1E-24A1-4E08-8D9C-0641B78BA41D}.Debug|Any CPU.Build.0 = Debug|Any CPU
		{06D0AD1E-24A1-4E08-8D9C-0641B78BA41D}.Release|Any CPU.ActiveCfg = Release|Any CPU
		{06D0AD1E-24A1-4E08-8D9C-0641B78BA41D}.Release|Any CPU.Build.0 = Release|Any CPU
		{DFEB0671-C131-4687-90FB-5739C016A812}.Debug|Any CPU.ActiveCfg = Debug|Any CPU
		{DFEB0671-C131-4687-90FB-5739C016A812}.Debug|Any CPU.Build.0 = Debug|Any CPU
		{DFEB0671-C131-4687-90FB-5739C016A812}.Release|Any CPU.ActiveCfg = Release|Any CPU
		{DFEB0671-C131-4687-90FB-5739C016A812}.Release|Any CPU.Build.0 = Release|Any CPU
		{CF93D44F-3941-439D-AB3F-6164BB37F615}.Debug|Any CPU.ActiveCfg = Debug|Any CPU
		{CF93D44F-3941-439D-AB3F-6164BB37F615}.Debug|Any CPU.Build.0 = Debug|Any CPU
		{CF93D44F-3941-439D-AB3F-6164BB37F615}.Release|Any CPU.ActiveCfg = Release|Any CPU
		{CF93D44F-3941-439D-AB3F-6164BB37F615}.Release|Any CPU.Build.0 = Release|Any CPU
		{8225A019-303B-479C-88DC-F72856C57673}.Debug|Any CPU.ActiveCfg = Debug|Any CPU
		{8225A019-303B-479C-88DC-F72856C57673}.Debug|Any CPU.Build.0 = Debug|Any CPU
		{8225A019-303B-479C-88DC-F72856C57673}.Release|Any CPU.ActiveCfg = Release|Any CPU
		{8225A019-303B-479C-88DC-F72856C57673}.Release|Any CPU.Build.0 = Release|Any CPU
		{7EF242FA-C50D-4C5E-85CC-46F1D96B9CA1}.Debug|Any CPU.ActiveCfg = Debug|Any CPU
		{7EF242FA-C50D-4C5E-85CC-46F1D96B9CA1}.Debug|Any CPU.Build.0 = Debug|Any CPU
		{7EF242FA-C50D-4C5E-85CC-46F1D96B9CA1}.Release|Any CPU.ActiveCfg = Release|Any CPU
		{7EF242FA-C50D-4C5E-85CC-46F1D96B9CA1}.Release|Any CPU.Build.0 = Release|Any CPU
		{9B8B0ECF-2FEC-4AD6-B1E9-2C6AE80835CB}.Debug|Any CPU.ActiveCfg = Debug|Any CPU
		{9B8B0ECF-2FEC-4AD6-B1E9-2C6AE80835CB}.Debug|Any CPU.Build.0 = Debug|Any CPU
		{9B8B0ECF-2FEC-4AD6-B1E9-2C6AE80835CB}.Release|Any CPU.ActiveCfg = Release|Any CPU
		{9B8B0ECF-2FEC-4AD6-B1E9-2C6AE80835CB}.Release|Any CPU.Build.0 = Release|Any CPU
	EndGlobalSection
	GlobalSection(SolutionProperties) = preSolution
		HideSolutionNode = FALSE
	EndGlobalSection
	GlobalSection(NestedProjects) = preSolution
		{7C835ED6-293A-43CD-8641-EC08980C2E21} = {30CAD016-5A42-4A9D-BB37-0F0272D2BD60}
		{38E85939-8B78-40F6-B3D4-7C2786581C12} = {30CAD016-5A42-4A9D-BB37-0F0272D2BD60}
		{F676BED9-8F25-4B03-8BE2-86B736298AF4} = {30CAD016-5A42-4A9D-BB37-0F0272D2BD60}
		{997BB3A7-1F09-4858-A048-6090EF8CE8BF} = {30CAD016-5A42-4A9D-BB37-0F0272D2BD60}
		{278A1E62-DE89-4ED0-93BD-850C651DB0CB} = {99CA32D2-3C4C-4332-8FA0-00CC70EF696C}
		{0F5806DB-AEDD-4CF6-9BA8-9FFDBA4FC44D} = {99CA32D2-3C4C-4332-8FA0-00CC70EF696C}
		{7249894A-C820-4FBE-B154-5180057F423B} = {99CA32D2-3C4C-4332-8FA0-00CC70EF696C}
		{C03EC127-F74F-4789-A466-E1C8A330DF6D} = {99CA32D2-3C4C-4332-8FA0-00CC70EF696C}
		{608E7681-0B42-4B2C-AB11-924A80C33423} = {99CA32D2-3C4C-4332-8FA0-00CC70EF696C}
		{10A9AD6D-51F4-45E8-BDA3-ECDBA73D99E6} = {99CA32D2-3C4C-4332-8FA0-00CC70EF696C}
		{06D0AD1E-24A1-4E08-8D9C-0641B78BA41D} = {99CA32D2-3C4C-4332-8FA0-00CC70EF696C}
		{DFEB0671-C131-4687-90FB-5739C016A812} = {99CA32D2-3C4C-4332-8FA0-00CC70EF696C}
		{CF93D44F-3941-439D-AB3F-6164BB37F615} = {99CA32D2-3C4C-4332-8FA0-00CC70EF696C}
		{8225A019-303B-479C-88DC-F72856C57673} = {99CA32D2-3C4C-4332-8FA0-00CC70EF696C}
		{7EF242FA-C50D-4C5E-85CC-46F1D96B9CA1} = {99CA32D2-3C4C-4332-8FA0-00CC70EF696C}
		{9B8B0ECF-2FEC-4AD6-B1E9-2C6AE80835CB} = {99CA32D2-3C4C-4332-8FA0-00CC70EF696C}
	EndGlobalSection
	GlobalSection(ExtensibilityGlobals) = postSolution
		SolutionGuid = {54994261-FE20-499E-9986-BB7E6652B01A}
	EndGlobalSection
EndGlobal
